PODS:
  - Jelly (1.2.3)
  - Nimble (7.0.0)
  - Quick (1.1.0)

DEPENDENCIES:
  - Jelly
  - Nimble
  - Quick

SPEC CHECKSUMS:
  Jelly: 471c401b62f86845db3d66dfaca29c89ab8cdcd2
  Nimble: 874982b605d4d752fcac6be695d13c502de84b1b
  Quick: dafc587e21eed9f4cab3249b9f9015b0b7a7f71d

PODFILE CHECKSUM: abb95dcecdecbcb7fd711e89e7a6c4665e328179

COCOAPODS: 1.2.0
