PODS:
  - Jelly (1.2.2)
  - Nimble (5.1.1)
  - Quick (0.10.0)

DEPENDENCIES:
  - Jelly (from `../`)
  - Nimble
  - Quick

EXTERNAL SOURCES:
  Jelly:
    :path: "../"

SPEC CHECKSUMS:
  Jelly: da2359c2d34427a95105ae8636d96c7c8314ad36
  Nimble: 415e3aa3267e7bc2c96b05fa814ddea7bb686a29
  Quick: 5d290df1c69d5ee2f0729956dcf0fd9a30447eaa

PODFILE CHECKSUM: 611d8727240d018f8b78788e712b364e269d5220

COCOAPODS: 1.2.0
